
Microsoft Visual Studio Solution File, Format Version 12.00
# Visual Studio 14
VisualStudioVersion = 14.0.23107.0
MinimumVisualStudioVersion = 10.0.40219.1
Project("{FAE04EC0-301F-11D3-BF4B-00C04F79EFBC}") = "Model.Core", "Model.Core\Model.Core.csproj", "{0EF534B6-5909-4EB7-9821-D5FE82F6A7F1}"
EndProject
Project("{FAE04EC0-301F-11D3-BF4B-00C04F79EFBC}") = "Model.Db", "Model.Db\Model.Db.csproj", "{E5CFE928-52BA-4CA1-B837-90CC763F50C6}"
EndProject
Project("{FAE04EC0-301F-11D3-BF4B-00C04F79EFBC}") = "Server", "Server\Server.csproj", "{792995C5-23DD-4137-8258-CEF645459835}"
EndProject
Project("{FAE04EC0-301F-11D3-BF4B-00C04F79EFBC}") = "Utils", "Utils\Utils.csproj", "{5139CBE2-EF46-4F83-AED3-72B88FF55DC5}"
EndProject
Project("{FAE04EC0-301F-11D3-BF4B-00C04F79EFBC}") = "Plugins", "Plugins\Plugins.csproj", "{E7B9D607-B497-4051-AF17-38DD947A98F1}"
EndProject
Global
	GlobalSection(SolutionConfigurationPlatforms) = preSolution
		Debug|Any CPU = Debug|Any CPU
		Release|Any CPU = Release|Any CPU
	EndGlobalSection
	GlobalSection(ProjectConfigurationPlatforms) = postSolution
		{0EF534B6-5909-4EB7-9821-D5FE82F6A7F1}.Debug|Any CPU.ActiveCfg = Debug|Any CPU
		{0EF534B6-5909-4EB7-9821-D5FE82F6A7F1}.Debug|Any CPU.Build.0 = Debug|Any CPU
		{0EF534B6-5909-4EB7-9821-D5FE82F6A7F1}.Release|Any CPU.ActiveCfg = Release|Any CPU
		{0EF534B6-5909-4EB7-9821-D5FE82F6A7F1}.Release|Any CPU.Build.0 = Release|Any CPU
		{E5CFE928-52BA-4CA1-B837-90CC763F50C6}.Debug|Any CPU.ActiveCfg = Debug|Any CPU
		{E5CFE928-52BA-4CA1-B837-90CC763F50C6}.Debug|Any CPU.Build.0 = Debug|Any CPU
		{E5CFE928-52BA-4CA1-B837-90CC763F50C6}.Release|Any CPU.ActiveCfg = Release|Any CPU
		{E5CFE928-52BA-4CA1-B837-90CC763F50C6}.Release|Any CPU.Build.0 = Release|Any CPU
		{792995C5-23DD-4137-8258-CEF645459835}.Debug|Any CPU.ActiveCfg = Debug|Any CPU
		{792995C5-23DD-4137-8258-CEF645459835}.Debug|Any CPU.Build.0 = Debug|Any CPU
		{792995C5-23DD-4137-8258-CEF645459835}.Release|Any CPU.ActiveCfg = Release|Any CPU
		{792995C5-23DD-4137-8258-CEF645459835}.Release|Any CPU.Build.0 = Release|Any CPU
		{5139CBE2-EF46-4F83-AED3-72B88FF55DC5}.Debug|Any CPU.ActiveCfg = Debug|Any CPU
		{5139CBE2-EF46-4F83-AED3-72B88FF55DC5}.Debug|Any CPU.Build.0 = Debug|Any CPU
		{5139CBE2-EF46-4F83-AED3-72B88FF55DC5}.Release|Any CPU.ActiveCfg = Release|Any CPU
		{5139CBE2-EF46-4F83-AED3-72B88FF55DC5}.Release|Any CPU.Build.0 = Release|Any CPU
		{E7B9D607-B497-4051-AF17-38DD947A98F1}.Debug|Any CPU.ActiveCfg = Debug|Any CPU
		{E7B9D607-B497-4051-AF17-38DD947A98F1}.Debug|Any CPU.Build.0 = Debug|Any CPU
		{E7B9D607-B497-4051-AF17-38DD947A98F1}.Release|Any CPU.ActiveCfg = Release|Any CPU
		{E7B9D607-B497-4051-AF17-38DD947A98F1}.Release|Any CPU.Build.0 = Release|Any CPU
	EndGlobalSection
	GlobalSection(SolutionProperties) = preSolution
		HideSolutionNode = FALSE
	EndGlobalSection
EndGlobal
